<?xml version="1.0" encoding="UTF-8"?>
<CONFIG>
  <ProjectOptions>
    <Version Value="12"/>
    <General>
      <Flags>
        <MainUnitHasCreateFormStatements Value="False"/>
        <MainUnitHasTitleStatement Value="False"/>
        <MainUnitHasScaledStatement Value="False"/>
      </Flags>
      <SessionStorage Value="InProjectDir"/>
      <Title Value="My Application"/>
      <UseAppBundle Value="False"/>
      <ResourceType Value="res"/>
    </General>
    <BuildModes>
      <Item Name="Default" Default="True"/>
    </BuildModes>
    <PublishOptions>
      <Version Value="2"/>
      <UseFileFilters Value="True"/>
    </PublishOptions>
    <RunParams>
      <FormatVersion Value="2"/>
    </RunParams>
    <RequiredPackages>
      <Item>
        <PackageName Value="laz_synapse"/>
      </Item>
      <Item>
        <PackageName Value="LazUtils"/>
      </Item>
      <Item>
        <PackageName Value="zcomponentdesign"/>
      </Item>
      <Item>
        <PackageName Value="zcomponent"/>
      </Item>
    </RequiredPackages>
    <Units>
      <Unit>
        <Filename Value="Server.lpr"/>
        <IsPartOfProject Value="True"/>
      </Unit>
      <Unit>
        <Filename Value="router/urouter.pas"/>
        <IsPartOfProject Value="True"/>
      </Unit>
      <Unit>
        <Filename Value="controller/utlogincontroller.pas"/>
        <IsPartOfProject Value="True"/>
        <UnitName Value="uTlogincontroller"/>
      </Unit>
      <Unit>
        <Filename Value="model/uloginmodel.pas"/>
        <IsPartOfProject Value="True"/>
      </Unit>
      <Unit>
        <Filename Value="resources/sql_queries.pas"/>
        <IsPartOfProject Value="True"/>
      </Unit>
      <Unit>
        <Filename Value="service/ugetdata.pas"/>
        <IsPartOfProject Value="True"/>
      </Unit>
      <Unit>
        <Filename Value="data/udata.pas"/>
        <IsPartOfProject Value="True"/>
        <ComponentName Value="DataModule1"/>
        <HasResources Value="True"/>
        <ResourceBaseClass Value="DataModule"/>
      </Unit>
      <Unit>
        <Filename Value="controller/utlojacontroller.pas"/>
        <IsPartOfProject Value="True"/>
      </Unit>
      <Unit>
        <Filename Value="model/ulojamodel.pas"/>
        <IsPartOfProject Value="True"/>
      </Unit>
      <Unit>
        <Filename Value="controller/uprofessionalcontroller.pas"/>
        <IsPartOfProject Value="True"/>
      </Unit>
      <Unit>
        <Filename Value="model/uprofissionalmodel.pas"/>
        <IsPartOfProject Value="True"/>
      </Unit>
      <Unit>
        <Filename Value="controller/uproductscontroller.pas"/>
        <IsPartOfProject Value="True"/>
      </Unit>
      <Unit>
        <Filename Value="model/uagendamodel.pas"/>
        <IsPartOfProject Value="True"/>
      </Unit>
      <Unit>
        <Filename Value="model/uanamnesemodel.pas"/>
        <IsPartOfProject Value="True"/>
      </Unit>
      <Unit>
        <Filename Value="model/uassistenteiamodel.pas"/>
        <IsPartOfProject Value="True"/>
        <UnitName Value="uAssistenteIaModel"/>
      </Unit>
      <Unit>
        <Filename Value="model/ucaixamodel.pas"/>
        <IsPartOfProject Value="True"/>
      </Unit>
      <Unit>
        <Filename Value="model/uclientsmodel.pas"/>
        <IsPartOfProject Value="True"/>
      </Unit>
      <Unit>
        <Filename Value="model/udespesasmodel.pas"/>
        <IsPartOfProject Value="True"/>
      </Unit>
      <Unit>
        <Filename Value="model/umailmodel.pas"/>
        <IsPartOfProject Value="True"/>
      </Unit>
      <Unit>
        <Filename Value="model/uoauthtokenmodel.pas"/>
        <IsPartOfProject Value="True"/>
      </Unit>
      <Unit>
        <Filename Value="model/uportifoliomodel.pas"/>
        <IsPartOfProject Value="True"/>
      </Unit>
      <Unit>
        <Filename Value="model/uproductsmodel.pas"/>
        <IsPartOfProject Value="True"/>
      </Unit>
      <Unit>
        <Filename Value="model/urecsenhamodel.pas"/>
        <IsPartOfProject Value="True"/>
      </Unit>
      <Unit>
        <Filename Value="model/uservicemodel.pas"/>
        <IsPartOfProject Value="True"/>
      </Unit>
      <Unit>
        <Filename Value="model/usitemodel.pas"/>
        <IsPartOfProject Value="True"/>
      </Unit>
      <Unit>
        <Filename Value="model/ustoragetokensmodel.pas"/>
        <IsPartOfProject Value="True"/>
      </Unit>
      <Unit>
        <Filename Value="model/uzapmodel.pas"/>
        <IsPartOfProject Value="True"/>
      </Unit>
      <Unit>
        <Filename Value="controller/uagendacontroller.pas"/>
        <IsPartOfProject Value="True"/>
      </Unit>
      <Unit>
        <Filename Value="controller/uanamnesecontroller.pas"/>
        <IsPartOfProject Value="True"/>
      </Unit>
      <Unit>
        <Filename Value="controller/uassistenteia.pas"/>
        <IsPartOfProject Value="True"/>
      </Unit>
      <Unit>
        <Filename Value="controller/uassistenteiacontroller.pas"/>
        <IsPartOfProject Value="True"/>
      </Unit>
      <Unit>
        <Filename Value="controller/ucaixacontroller.pas"/>
        <IsPartOfProject Value="True"/>
      </Unit>
      <Unit>
        <Filename Value="controller/uclientscontroller.pas"/>
        <IsPartOfProject Value="True"/>
      </Unit>
      <Unit>
        <Filename Value="controller/udespesascontroller.pas"/>
        <IsPartOfProject Value="True"/>
      </Unit>
      <Unit>
        <Filename Value="controller/uoauthtokencontroller.pas"/>
        <IsPartOfProject Value="True"/>
      </Unit>
      <Unit>
        <Filename Value="controller/uportifoliocontroller.pas"/>
        <IsPartOfProject Value="True"/>
      </Unit>
      <Unit>
        <Filename Value="controller/uservicecontroller.pas"/>
        <IsPartOfProject Value="True"/>
      </Unit>
      <Unit>
        <Filename Value="controller/usitecontroller.pas"/>
        <IsPartOfProject Value="True"/>
      </Unit>
      <Unit>
        <Filename Value="controller/utrecsenhacontroller.pas"/>
        <IsPartOfProject Value="True"/>
      </Unit>
      <Unit>
        <Filename Value="controller/uzapcontroller.pas"/>
        <IsPartOfProject Value="True"/>
      </Unit>
      <Unit>
        <Filename Value="service/uassistenteiadao.pas"/>
        <IsPartOfProject Value="True"/>
        <UnitName Value="uAssistenteIaDAO"/>
      </Unit>
      <Unit>
        <Filename Value="service/ucacheservice.pas"/>
        <IsPartOfProject Value="True"/>
      </Unit>
      <Unit>
        <Filename Value="service/updfservice.pas"/>
        <IsPartOfProject Value="True"/>
        <UnitName Value="uPDFService"/>
      </Unit>
      <Unit>
        <Filename Value="service/utokenmanager.pas"/>
        <IsPartOfProject Value="True"/>
      </Unit>
      <Unit>
        <Filename Value="view/ujsonview.pas"/>
        <IsPartOfProject Value="True"/>
        <UnitName Value="uJsonView"/>
      </Unit>
      <Unit>
        <Filename Value="view/uportifolioview.pas"/>
        <IsPartOfProject Value="True"/>
      </Unit>
      <Unit>
        <Filename Value="service/unetservice.pas"/>
        <IsPartOfProject Value="True"/>
        <UnitName Value="uNetService"/>
      </Unit>
      <Unit>
        <Filename Value="resources/uconfig.pas"/>
        <IsPartOfProject Value="True"/>
      </Unit>
      <Unit>
        <Filename Value="controller/urelatorioscontroller.pas"/>
        <IsPartOfProject Value="True"/>
        <UnitName Value="URelatoriosController"/>
      </Unit>
      <Unit>
        <Filename Value="model/urelatoriosmodel.pas"/>
        <IsPartOfProject Value="True"/>
        <UnitName Value="URelatoriosModel"/>
      </Unit>
    </Units>
  </ProjectOptions>
  <CompilerOptions>
    <Version Value="11"/>
    <Target>
      <Filename Value="Server"/>
    </Target>
    <SearchPaths>
      <IncludeFiles Value="$(ProjOutDir)"/>
      <OtherUnitFiles Value="../horse/horse-3.1.6/src;../horse/bcrypt/src;../horse/HashLib4Pascal;../horse/horse-compression/src;../horse/horse-jwt/src;../horse/horse-jwt-2.0.17/src;../horse/LazJWT-1.2.0/src;../horse/horse-3.1.6;router;controller;model;resources;service;data;view;../horse/LazJWT-1.2.0;../horse/HashLib4Pascal/HashLib/src;../horse/HashLib4Pascal/HashLib/src/Base;../horse/HashLib4Pascal/HashLib/src/Checksum;../horse/HashLib4Pascal/HashLib/src/Crypto;../horse/HashLib4Pascal/HashLib/src/Crypto/Blake2BParams;../horse/HashLib4Pascal/HashLib/src/Crypto/Blake2SParams;../horse/HashLib4Pascal/HashLib/src/Hash32;../horse/HashLib4Pascal/HashLib/src/Hash64;../horse/HashLib4Pascal/HashLib/src/Hash128;../horse/HashLib4Pascal/HashLib/src/Include;../horse/HashLib4Pascal/HashLib/src/Interfaces;../horse/HashLib4Pascal/HashLib/src/Interfaces/IBlake2BParams;../horse/HashLib4Pascal/HashLib/src/Interfaces/IBlake2SParams;../horse/HashLib4Pascal/HashLib/src/KDF;../horse/HashLib4Pascal/HashLib/src/Nullable;../horse/HashLib4Pascal/HashLib/src/NullDigest;../horse/HashLib4Pascal/HashLib/src/Packages/FPC;../horse/HashLib4Pascal/HashLib/src/Utils;../RESTRequest4Delphi/RESTRequest4Delphi-4.0.23;../RESTRequest4Delphi/RESTRequest4Delphi-4.0.23/src"/>
      <UnitOutputDirectory Value="lib/$(TargetCPU)-$(TargetOS)"/>
    </SearchPaths>
    <Parsing>
      <SyntaxOptions>
        <SyntaxMode Value="Delphi"/>
      </SyntaxOptions>
    </Parsing>
    <Linking>
      <Debugging>
        <DebugInfoType Value="dsDwarf3"/>
      </Debugging>
    </Linking>
  </CompilerOptions>
  <Debugging>
    <Exceptions>
      <Item>
        <Name Value="EAbort"/>
      </Item>
      <Item>
        <Name Value="ECodetoolError"/>
      </Item>
      <Item>
        <Name Value="EFOpenError"/>
      </Item>
    </Exceptions>
  </Debugging>
</CONFIG>
